
Microsoft Visual Studio Solution File, Format Version 12.00
# Visual Studio Version 17
VisualStudioVersion = 17.5.002.0
MinimumVisualStudioVersion = 10.0.40219.1
Project("{9A19103F-16F7-4668-BE54-9A1E7A4F7556}") = "TasksTracker.TasksManager.Backend.Api", "TasksTracker.TasksManager.Backend.Api\TasksTracker.TasksManager.Backend.Api.csproj", "{4D88B12B-719A-4531-9BF3-825B7EED417C}"
EndProject
Project("{9A19103F-16F7-4668-BE54-9A1E7A4F7556}") = "TasksTracker.WebPortal.Frontend.Ui", "TasksTracker.WebPortal.Frontend.Ui\TasksTracker.WebPortal.Frontend.Ui.csproj", "{861BC8B9-097A-4361-8408-7CA7E4C0AD2F}"
EndProject
Global
	GlobalSection(SolutionConfigurationPlatforms) = preSolution
		Debug|Any CPU = Debug|Any CPU
		Release|Any CPU = Release|Any CPU
	EndGlobalSection
	GlobalSection(ProjectConfigurationPlatforms) = postSolution
		{4D88B12B-719A-4531-9BF3-825B7EED417C}.Debug|Any CPU.ActiveCfg = Debug|Any CPU
		{4D88B12B-719A-4531-9BF3-825B7EED417C}.Debug|Any CPU.Build.0 = Debug|Any CPU
		{4D88B12B-719A-4531-9BF3-825B7EED417C}.Release|Any CPU.ActiveCfg = Release|Any CPU
		{4D88B12B-719A-4531-9BF3-825B7EED417C}.Release|Any CPU.Build.0 = Release|Any CPU
		{861BC8B9-097A-4361-8408-7CA7E4C0AD2F}.Debug|Any CPU.ActiveCfg = Debug|Any CPU
		{861BC8B9-097A-4361-8408-7CA7E4C0AD2F}.Debug|Any CPU.Build.0 = Debug|Any CPU
		{861BC8B9-097A-4361-8408-7CA7E4C0AD2F}.Release|Any CPU.ActiveCfg = Release|Any CPU
		{861BC8B9-097A-4361-8408-7CA7E4C0AD2F}.Release|Any CPU.Build.0 = Release|Any CPU
	EndGlobalSection
	GlobalSection(SolutionProperties) = preSolution
		HideSolutionNode = FALSE
	EndGlobalSection
	GlobalSection(ExtensibilityGlobals) = postSolution
		SolutionGuid = {F7AA4912-211B-4352-822B-F5BA21E50071}
	EndGlobalSection
EndGlobal
