
Microsoft Visual Studio Solution File, Format Version 12.00
# Visual Studio Version 17
VisualStudioVersion = 17.5.002.0
MinimumVisualStudioVersion = 10.0.40219.1
Project("{9A19103F-16F7-4668-BE54-9A1E7A4F7556}") = "TasksTracker.TasksManager.Backend.Api", "TasksTracker.TasksManager.Backend.Api\TasksTracker.TasksManager.Backend.Api.csproj", "{2E6610C3-45F1-4B9B-8671-30835CFBDECB}"
EndProject
Project("{9A19103F-16F7-4668-BE54-9A1E7A4F7556}") = "TasksTracker.WebPortal.Frontend.Ui", "TasksTracker.WebPortal.Frontend.Ui\TasksTracker.WebPortal.Frontend.Ui.csproj", "{420CABFE-7BBC-4D3B-8A3E-8A640590F948}"
EndProject
Global
	GlobalSection(SolutionConfigurationPlatforms) = preSolution
		Debug|Any CPU = Debug|Any CPU
		Release|Any CPU = Release|Any CPU
	EndGlobalSection
	GlobalSection(ProjectConfigurationPlatforms) = postSolution
		{2E6610C3-45F1-4B9B-8671-30835CFBDECB}.Debug|Any CPU.ActiveCfg = Debug|Any CPU
		{2E6610C3-45F1-4B9B-8671-30835CFBDECB}.Debug|Any CPU.Build.0 = Debug|Any CPU
		{2E6610C3-45F1-4B9B-8671-30835CFBDECB}.Release|Any CPU.ActiveCfg = Release|Any CPU
		{2E6610C3-45F1-4B9B-8671-30835CFBDECB}.Release|Any CPU.Build.0 = Release|Any CPU
		{420CABFE-7BBC-4D3B-8A3E-8A640590F948}.Debug|Any CPU.ActiveCfg = Debug|Any CPU
		{420CABFE-7BBC-4D3B-8A3E-8A640590F948}.Debug|Any CPU.Build.0 = Debug|Any CPU
		{420CABFE-7BBC-4D3B-8A3E-8A640590F948}.Release|Any CPU.ActiveCfg = Release|Any CPU
		{420CABFE-7BBC-4D3B-8A3E-8A640590F948}.Release|Any CPU.Build.0 = Release|Any CPU
	EndGlobalSection
	GlobalSection(SolutionProperties) = preSolution
		HideSolutionNode = FALSE
	EndGlobalSection
	GlobalSection(ExtensibilityGlobals) = postSolution
		SolutionGuid = {F7AA4912-211B-4352-822B-F5BA21E50071}
	EndGlobalSection
EndGlobal
